// !$*UTF8*$!
{
	archiveVersion = 1;
	classes = {
	};
	objectVersion = 52;
	objects = {

/* Begin PBXBuildFile section */
		E481480A265495870069BE20 /* LocationSearchBar.swift in Sources */ = {isa = PBXBuildFile; fileRef = E4814809265495870069BE20 /* LocationSearchBar.swift */; };
		E481480C265496930069BE20 /* LocationSearchController.swift in Sources */ = {isa = PBXBuildFile; fileRef = E481480B265496930069BE20 /* LocationSearchController.swift */; };
		E481480E2654993F0069BE20 /* SearchResultTableViewController.swift in Sources */ = {isa = PBXBuildFile; fileRef = E481480D2654993F0069BE20 /* SearchResultTableViewController.swift */; };
		E481481026549C980069BE20 /* SearchResultTableViewCell.swift in Sources */ = {isa = PBXBuildFile; fileRef = E481480F26549C980069BE20 /* SearchResultTableViewCell.swift */; };
		E4814814265519BF0069BE20 /* StoryboardID.swift in Sources */ = {isa = PBXBuildFile; fileRef = E4814813265519BF0069BE20 /* StoryboardID.swift */; };
		E481481626551B930069BE20 /* CalendarViewController.swift in Sources */ = {isa = PBXBuildFile; fileRef = E481481526551B930069BE20 /* CalendarViewController.swift */; };
		E4DB1CF326524A7700894DCB /* AppDelegate.swift in Sources */ = {isa = PBXBuildFile; fileRef = E4DB1CF226524A7700894DCB /* AppDelegate.swift */; };
		E4DB1CF526524A7700894DCB /* SceneDelegate.swift in Sources */ = {isa = PBXBuildFile; fileRef = E4DB1CF426524A7700894DCB /* SceneDelegate.swift */; };
		E4DB1CF726524A7700894DCB /* MainViewController.swift in Sources */ = {isa = PBXBuildFile; fileRef = E4DB1CF626524A7700894DCB /* MainViewController.swift */; };
		E4DB1CFA26524A7700894DCB /* Main.storyboard in Resources */ = {isa = PBXBuildFile; fileRef = E4DB1CF826524A7700894DCB /* Main.storyboard */; };
		E4DB1CFC26524A7900894DCB /* Assets.xcassets in Resources */ = {isa = PBXBuildFile; fileRef = E4DB1CFB26524A7900894DCB /* Assets.xcassets */; };
		E4DB1CFF26524A7900894DCB /* LaunchScreen.storyboard in Resources */ = {isa = PBXBuildFile; fileRef = E4DB1CFD26524A7900894DCB /* LaunchScreen.storyboard */; };
		E4DB1D7A26538BA800894DCB /* AccomodationConditions.storyboard in Resources */ = {isa = PBXBuildFile; fileRef = E4DB1D7926538BA800894DCB /* AccomodationConditions.storyboard */; };
		E4DB1D7C2653912F00894DCB /* PopularLocationViewController.swift in Sources */ = {isa = PBXBuildFile; fileRef = E4DB1D7B2653912F00894DCB /* PopularLocationViewController.swift */; };
		E4DB1D7E2653916900894DCB /* PopularLocationTableViewCell.swift in Sources */ = {isa = PBXBuildFile; fileRef = E4DB1D7D2653916900894DCB /* PopularLocationTableViewCell.swift */; };
		E4F302A32655F71E002C9770 /* Alamofire in Frameworks */ = {isa = PBXBuildFile; productRef = E4F302A22655F71E002C9770 /* Alamofire */; };
		E4F302A52655F837002C9770 /* AlamofireRequestManager.swift in Sources */ = {isa = PBXBuildFile; fileRef = E4F302A42655F837002C9770 /* AlamofireRequestManager.swift */; };
		E4F302A72655F84B002C9770 /* AlamofireNetworkManager.swift in Sources */ = {isa = PBXBuildFile; fileRef = E4F302A62655F84B002C9770 /* AlamofireNetworkManager.swift */; };
		E4F302A92655F890002C9770 /* AlamofireImageDownloadManager.swift in Sources */ = {isa = PBXBuildFile; fileRef = E4F302A82655F890002C9770 /* AlamofireImageDownloadManager.swift */; };
		E4F302AB2655F970002C9770 /* AlamofireRequestManagable.swift in Sources */ = {isa = PBXBuildFile; fileRef = E4F302AA2655F970002C9770 /* AlamofireRequestManagable.swift */; };
		E4F302AD2655FD17002C9770 /* AlamofireNetworkManagable.swift in Sources */ = {isa = PBXBuildFile; fileRef = E4F302AC2655FD17002C9770 /* AlamofireNetworkManagable.swift */; };
		E4F302B3265602ED002C9770 /* PopularLocationViewModel.swift in Sources */ = {isa = PBXBuildFile; fileRef = E4F302B2265602ED002C9770 /* PopularLocationViewModel.swift */; };
		E4F302B5265604D6002C9770 /* PopularLocationTableViewDataSource.swift in Sources */ = {isa = PBXBuildFile; fileRef = E4F302B4265604D6002C9770 /* PopularLocationTableViewDataSource.swift */; };
		E4F302B82656059C002C9770 /* PopularLocation.swift in Sources */ = {isa = PBXBuildFile; fileRef = E4F302B72656059C002C9770 /* PopularLocation.swift */; };
		E4F302BA26560CC7002C9770 /* LocationSearchResultUpdating.swift in Sources */ = {isa = PBXBuildFile; fileRef = E4F302B926560CC7002C9770 /* LocationSearchResultUpdating.swift */; };
		E4F302BD26560E2D002C9770 /* PopularLocationUseCase.swift in Sources */ = {isa = PBXBuildFile; fileRef = E4F302BC26560E2D002C9770 /* PopularLocationUseCase.swift */; };
		E4F302C4265642BA002C9770 /* SearchResultViewModel.swift in Sources */ = {isa = PBXBuildFile; fileRef = E4F302C3265642BA002C9770 /* SearchResultViewModel.swift */; };
		E4F302C6265642D8002C9770 /* NewSearchUseCase.swift in Sources */ = {isa = PBXBuildFile; fileRef = E4F302C5265642D8002C9770 /* NewSearchUseCase.swift */; };
		E4F302C826564431002C9770 /* LocationSearchResult.swift in Sources */ = {isa = PBXBuildFile; fileRef = E4F302C726564431002C9770 /* LocationSearchResult.swift */; };
		E4F302CD26564FCE002C9770 /* ViewControllerFactory.swift in Sources */ = {isa = PBXBuildFile; fileRef = E4F302CC26564FCE002C9770 /* ViewControllerFactory.swift */; };
		E4F302CF265650C5002C9770 /* Instantiable.swift in Sources */ = {isa = PBXBuildFile; fileRef = E4F302CE265650C5002C9770 /* Instantiable.swift */; };
		E4F302D1265652D9002C9770 /* StoryboardFactory.swift in Sources */ = {isa = PBXBuildFile; fileRef = E4F302D0265652D9002C9770 /* StoryboardFactory.swift */; };
		E4F302D926567335002C9770 /* PopularLocationConfigurable.swift in Sources */ = {isa = PBXBuildFile; fileRef = E4F302D826567335002C9770 /* PopularLocationConfigurable.swift */; };
		E4F302DB26567345002C9770 /* SearchResultConfigurable.swift in Sources */ = {isa = PBXBuildFile; fileRef = E4F302DA26567345002C9770 /* SearchResultConfigurable.swift */; };
		E4F302DD2656746E002C9770 /* PopularLocationCaseConfigurable.swift in Sources */ = {isa = PBXBuildFile; fileRef = E4F302DC2656746E002C9770 /* PopularLocationCaseConfigurable.swift */; };
		E4F302DF26567480002C9770 /* NewSearchCaseConfigurable.swift in Sources */ = {isa = PBXBuildFile; fileRef = E4F302DE26567480002C9770 /* NewSearchCaseConfigurable.swift */; };
/* End PBXBuildFile section */

/* Begin PBXFileReference section */
		E4814809265495870069BE20 /* LocationSearchBar.swift */ = {isa = PBXFileReference; lastKnownFileType = sourcecode.swift; path = LocationSearchBar.swift; sourceTree = "<group>"; };
		E481480B265496930069BE20 /* LocationSearchController.swift */ = {isa = PBXFileReference; lastKnownFileType = sourcecode.swift; path = LocationSearchController.swift; sourceTree = "<group>"; };
		E481480D2654993F0069BE20 /* SearchResultTableViewController.swift */ = {isa = PBXFileReference; lastKnownFileType = sourcecode.swift; path = SearchResultTableViewController.swift; sourceTree = "<group>"; };
		E481480F26549C980069BE20 /* SearchResultTableViewCell.swift */ = {isa = PBXFileReference; lastKnownFileType = sourcecode.swift; path = SearchResultTableViewCell.swift; sourceTree = "<group>"; };
		E4814813265519BF0069BE20 /* StoryboardID.swift */ = {isa = PBXFileReference; lastKnownFileType = sourcecode.swift; path = StoryboardID.swift; sourceTree = "<group>"; };
		E481481526551B930069BE20 /* CalendarViewController.swift */ = {isa = PBXFileReference; lastKnownFileType = sourcecode.swift; path = CalendarViewController.swift; sourceTree = "<group>"; };
		E4DB1CEF26524A7700894DCB /* airbnb.app */ = {isa = PBXFileReference; explicitFileType = wrapper.application; includeInIndex = 0; path = airbnb.app; sourceTree = BUILT_PRODUCTS_DIR; };
		E4DB1CF226524A7700894DCB /* AppDelegate.swift */ = {isa = PBXFileReference; lastKnownFileType = sourcecode.swift; path = AppDelegate.swift; sourceTree = "<group>"; };
		E4DB1CF426524A7700894DCB /* SceneDelegate.swift */ = {isa = PBXFileReference; lastKnownFileType = sourcecode.swift; path = SceneDelegate.swift; sourceTree = "<group>"; };
		E4DB1CF626524A7700894DCB /* MainViewController.swift */ = {isa = PBXFileReference; lastKnownFileType = sourcecode.swift; path = MainViewController.swift; sourceTree = "<group>"; };
		E4DB1CF926524A7700894DCB /* Base */ = {isa = PBXFileReference; lastKnownFileType = file.storyboard; name = Base; path = Base.lproj/Main.storyboard; sourceTree = "<group>"; };
		E4DB1CFB26524A7900894DCB /* Assets.xcassets */ = {isa = PBXFileReference; lastKnownFileType = folder.assetcatalog; path = Assets.xcassets; sourceTree = "<group>"; };
		E4DB1CFE26524A7900894DCB /* Base */ = {isa = PBXFileReference; lastKnownFileType = file.storyboard; name = Base; path = Base.lproj/LaunchScreen.storyboard; sourceTree = "<group>"; };
		E4DB1D0026524A7900894DCB /* Info.plist */ = {isa = PBXFileReference; lastKnownFileType = text.plist.xml; path = Info.plist; sourceTree = "<group>"; };
		E4DB1D7926538BA800894DCB /* AccomodationConditions.storyboard */ = {isa = PBXFileReference; lastKnownFileType = file.storyboard; path = AccomodationConditions.storyboard; sourceTree = "<group>"; };
		E4DB1D7B2653912F00894DCB /* PopularLocationViewController.swift */ = {isa = PBXFileReference; lastKnownFileType = sourcecode.swift; path = PopularLocationViewController.swift; sourceTree = "<group>"; };
		E4DB1D7D2653916900894DCB /* PopularLocationTableViewCell.swift */ = {isa = PBXFileReference; lastKnownFileType = sourcecode.swift; path = PopularLocationTableViewCell.swift; sourceTree = "<group>"; };
		E4F302A42655F837002C9770 /* AlamofireRequestManager.swift */ = {isa = PBXFileReference; lastKnownFileType = sourcecode.swift; path = AlamofireRequestManager.swift; sourceTree = "<group>"; };
		E4F302A62655F84B002C9770 /* AlamofireNetworkManager.swift */ = {isa = PBXFileReference; lastKnownFileType = sourcecode.swift; path = AlamofireNetworkManager.swift; sourceTree = "<group>"; };
		E4F302A82655F890002C9770 /* AlamofireImageDownloadManager.swift */ = {isa = PBXFileReference; lastKnownFileType = sourcecode.swift; path = AlamofireImageDownloadManager.swift; sourceTree = "<group>"; };
		E4F302AA2655F970002C9770 /* AlamofireRequestManagable.swift */ = {isa = PBXFileReference; lastKnownFileType = sourcecode.swift; path = AlamofireRequestManagable.swift; sourceTree = "<group>"; };
		E4F302AC2655FD17002C9770 /* AlamofireNetworkManagable.swift */ = {isa = PBXFileReference; lastKnownFileType = sourcecode.swift; path = AlamofireNetworkManagable.swift; sourceTree = "<group>"; };
		E4F302B2265602ED002C9770 /* PopularLocationViewModel.swift */ = {isa = PBXFileReference; lastKnownFileType = sourcecode.swift; path = PopularLocationViewModel.swift; sourceTree = "<group>"; };
		E4F302B4265604D6002C9770 /* PopularLocationTableViewDataSource.swift */ = {isa = PBXFileReference; lastKnownFileType = sourcecode.swift; path = PopularLocationTableViewDataSource.swift; sourceTree = "<group>"; };
		E4F302B72656059C002C9770 /* PopularLocation.swift */ = {isa = PBXFileReference; lastKnownFileType = sourcecode.swift; path = PopularLocation.swift; sourceTree = "<group>"; };
		E4F302B926560CC7002C9770 /* LocationSearchResultUpdating.swift */ = {isa = PBXFileReference; lastKnownFileType = sourcecode.swift; path = LocationSearchResultUpdating.swift; sourceTree = "<group>"; };
		E4F302BC26560E2D002C9770 /* PopularLocationUseCase.swift */ = {isa = PBXFileReference; lastKnownFileType = sourcecode.swift; path = PopularLocationUseCase.swift; sourceTree = "<group>"; };
		E4F302C3265642BA002C9770 /* SearchResultViewModel.swift */ = {isa = PBXFileReference; lastKnownFileType = sourcecode.swift; path = SearchResultViewModel.swift; sourceTree = "<group>"; };
		E4F302C5265642D8002C9770 /* NewSearchUseCase.swift */ = {isa = PBXFileReference; lastKnownFileType = sourcecode.swift; path = NewSearchUseCase.swift; sourceTree = "<group>"; };
		E4F302C726564431002C9770 /* LocationSearchResult.swift */ = {isa = PBXFileReference; lastKnownFileType = sourcecode.swift; path = LocationSearchResult.swift; sourceTree = "<group>"; };
		E4F302CC26564FCE002C9770 /* ViewControllerFactory.swift */ = {isa = PBXFileReference; lastKnownFileType = sourcecode.swift; path = ViewControllerFactory.swift; sourceTree = "<group>"; };
		E4F302CE265650C5002C9770 /* Instantiable.swift */ = {isa = PBXFileReference; lastKnownFileType = sourcecode.swift; path = Instantiable.swift; sourceTree = "<group>"; };
		E4F302D0265652D9002C9770 /* StoryboardFactory.swift */ = {isa = PBXFileReference; lastKnownFileType = sourcecode.swift; path = StoryboardFactory.swift; sourceTree = "<group>"; };
		E4F302D826567335002C9770 /* PopularLocationConfigurable.swift */ = {isa = PBXFileReference; lastKnownFileType = sourcecode.swift; path = PopularLocationConfigurable.swift; sourceTree = "<group>"; };
		E4F302DA26567345002C9770 /* SearchResultConfigurable.swift */ = {isa = PBXFileReference; lastKnownFileType = sourcecode.swift; path = SearchResultConfigurable.swift; sourceTree = "<group>"; };
		E4F302DC2656746E002C9770 /* PopularLocationCaseConfigurable.swift */ = {isa = PBXFileReference; lastKnownFileType = sourcecode.swift; path = PopularLocationCaseConfigurable.swift; sourceTree = "<group>"; };
		E4F302DE26567480002C9770 /* NewSearchCaseConfigurable.swift */ = {isa = PBXFileReference; lastKnownFileType = sourcecode.swift; path = NewSearchCaseConfigurable.swift; sourceTree = "<group>"; };
/* End PBXFileReference section */

/* Begin PBXFrameworksBuildPhase section */
		E4DB1CEC26524A7700894DCB /* Frameworks */ = {
			isa = PBXFrameworksBuildPhase;
			buildActionMask = 2147483647;
			files = (
				E4F302A32655F71E002C9770 /* Alamofire in Frameworks */,
			);
			runOnlyForDeploymentPostprocessing = 0;
		};
/* End PBXFrameworksBuildPhase section */

/* Begin PBXGroup section */
		E48148112654E63F0069BE20 /* CalendarSelect */ = {
			isa = PBXGroup;
			children = (
				E481481526551B930069BE20 /* CalendarViewController.swift */,
			);
			path = CalendarSelect;
			sourceTree = "<group>";
		};
		E48148122654E6890069BE20 /* AccomodationConditions */ = {
			isa = PBXGroup;
			children = (
				E4DB1D7926538BA800894DCB /* AccomodationConditions.storyboard */,
				E4DB1D7826538AFE00894DCB /* LocationSearch */,
				E48148112654E63F0069BE20 /* CalendarSelect */,
			);
			path = AccomodationConditions;
			sourceTree = "<group>";
		};
		E481481726554A6D0069BE20 /* Network */ = {
			isa = PBXGroup;
			children = (
				E4F302AA2655F970002C9770 /* AlamofireRequestManagable.swift */,
				E4F302A42655F837002C9770 /* AlamofireRequestManager.swift */,
				E4F302AC2655FD17002C9770 /* AlamofireNetworkManagable.swift */,
				E4F302A62655F84B002C9770 /* AlamofireNetworkManager.swift */,
				E4F302A82655F890002C9770 /* AlamofireImageDownloadManager.swift */,
			);
			path = Network;
			sourceTree = "<group>";
		};
		E4DB1CE626524A7700894DCB = {
			isa = PBXGroup;
			children = (
				E4DB1CF126524A7700894DCB /* airbnb */,
				E4DB1CF026524A7700894DCB /* Products */,
			);
			sourceTree = "<group>";
		};
		E4DB1CF026524A7700894DCB /* Products */ = {
			isa = PBXGroup;
			children = (
				E4DB1CEF26524A7700894DCB /* airbnb.app */,
			);
			name = Products;
			sourceTree = "<group>";
		};
		E4DB1CF126524A7700894DCB /* airbnb */ = {
			isa = PBXGroup;
			children = (
				E4DB1D0626524A9500894DCB /* AppCycle */,
				E4F302CB26564FB9002C9770 /* Factory */,
				E4DB1D7726538AF800894DCB /* Main */,
				E48148122654E6890069BE20 /* AccomodationConditions */,
				E481481726554A6D0069BE20 /* Network */,
				E4DB1CFB26524A7900894DCB /* Assets.xcassets */,
				E4DB1CFD26524A7900894DCB /* LaunchScreen.storyboard */,
				E4DB1D0026524A7900894DCB /* Info.plist */,
			);
			path = airbnb;
			sourceTree = "<group>";
		};
		E4DB1D0626524A9500894DCB /* AppCycle */ = {
			isa = PBXGroup;
			children = (
				E4DB1CF226524A7700894DCB /* AppDelegate.swift */,
				E4DB1CF426524A7700894DCB /* SceneDelegate.swift */,
			);
			path = AppCycle;
			sourceTree = "<group>";
		};
		E4DB1D7726538AF800894DCB /* Main */ = {
			isa = PBXGroup;
			children = (
				E4DB1CF826524A7700894DCB /* Main.storyboard */,
				E4DB1CF626524A7700894DCB /* MainViewController.swift */,
			);
			path = Main;
			sourceTree = "<group>";
		};
		E4DB1D7826538AFE00894DCB /* LocationSearch */ = {
			isa = PBXGroup;
			children = (
				E4F302B626560581002C9770 /* Entity */,
				E4F302BB26560E1A002C9770 /* UseCase */,
				E4F302B12656017B002C9770 /* ViewModel */,
				E4F302AF26560145002C9770 /* ViewController */,
				E4F302AE26560107002C9770 /* View */,
			);
			path = LocationSearch;
			sourceTree = "<group>";
		};
		E4F302AE26560107002C9770 /* View */ = {
			isa = PBXGroup;
			children = (
				E4DB1D7D2653916900894DCB /* PopularLocationTableViewCell.swift */,
				E4814809265495870069BE20 /* LocationSearchBar.swift */,
				E481480F26549C980069BE20 /* SearchResultTableViewCell.swift */,
			);
			path = View;
			sourceTree = "<group>";
		};
		E4F302AF26560145002C9770 /* ViewController */ = {
			isa = PBXGroup;
			children = (
				E4DB1D7B2653912F00894DCB /* PopularLocationViewController.swift */,
				E4F302B4265604D6002C9770 /* PopularLocationTableViewDataSource.swift */,
				E481480B265496930069BE20 /* LocationSearchController.swift */,
				E4F302B926560CC7002C9770 /* LocationSearchResultUpdating.swift */,
				E481480D2654993F0069BE20 /* SearchResultTableViewController.swift */,
			);
			path = ViewController;
			sourceTree = "<group>";
		};
		E4F302B12656017B002C9770 /* ViewModel */ = {
			isa = PBXGroup;
			children = (
				E4F302D826567335002C9770 /* PopularLocationConfigurable.swift */,
				E4F302B2265602ED002C9770 /* PopularLocationViewModel.swift */,
				E4F302DA26567345002C9770 /* SearchResultConfigurable.swift */,
				E4F302C3265642BA002C9770 /* SearchResultViewModel.swift */,
			);
			path = ViewModel;
			sourceTree = "<group>";
		};
		E4F302B626560581002C9770 /* Entity */ = {
			isa = PBXGroup;
			children = (
				E4F302C0265637D2002C9770 /* DTO */,
				E4F302B72656059C002C9770 /* PopularLocation.swift */,
				E4F302C726564431002C9770 /* LocationSearchResult.swift */,
			);
			path = Entity;
			sourceTree = "<group>";
		};
		E4F302BB26560E1A002C9770 /* UseCase */ = {
			isa = PBXGroup;
			children = (
				E4F302DC2656746E002C9770 /* PopularLocationCaseConfigurable.swift */,
				E4F302BC26560E2D002C9770 /* PopularLocationUseCase.swift */,
				E4F302DE26567480002C9770 /* NewSearchCaseConfigurable.swift */,
				E4F302C5265642D8002C9770 /* NewSearchUseCase.swift */,
			);
			path = UseCase;
			sourceTree = "<group>";
		};
		E4F302C0265637D2002C9770 /* DTO */ = {
			isa = PBXGroup;
			children = (
			);
			path = DTO;
			sourceTree = "<group>";
		};
		E4F302CB26564FB9002C9770 /* Factory */ = {
			isa = PBXGroup;
			children = (
				E4814813265519BF0069BE20 /* StoryboardID.swift */,
				E4F302D0265652D9002C9770 /* StoryboardFactory.swift */,
				E4F302CE265650C5002C9770 /* Instantiable.swift */,
				E4F302CC26564FCE002C9770 /* ViewControllerFactory.swift */,
			);
			path = Factory;
			sourceTree = "<group>";
		};
/* End PBXGroup section */

/* Begin PBXNativeTarget section */
		E4DB1CEE26524A7700894DCB /* airbnb */ = {
			isa = PBXNativeTarget;
			buildConfigurationList = E4DB1D0326524A7900894DCB /* Build configuration list for PBXNativeTarget "airbnb" */;
			buildPhases = (
				E4DB1CEB26524A7700894DCB /* Sources */,
				E4DB1CEC26524A7700894DCB /* Frameworks */,
				E4DB1CED26524A7700894DCB /* Resources */,
			);
			buildRules = (
			);
			dependencies = (
			);
			name = airbnb;
			packageProductDependencies = (
				E4F302A22655F71E002C9770 /* Alamofire */,
			);
			productName = airbnb;
			productReference = E4DB1CEF26524A7700894DCB /* airbnb.app */;
			productType = "com.apple.product-type.application";
		};
/* End PBXNativeTarget section */

/* Begin PBXProject section */
		E4DB1CE726524A7700894DCB /* Project object */ = {
			isa = PBXProject;
			attributes = {
				LastSwiftUpdateCheck = 1250;
				LastUpgradeCheck = 1250;
				TargetAttributes = {
					E4DB1CEE26524A7700894DCB = {
						CreatedOnToolsVersion = 12.5;
					};
				};
			};
			buildConfigurationList = E4DB1CEA26524A7700894DCB /* Build configuration list for PBXProject "airbnb" */;
			compatibilityVersion = "Xcode 9.3";
			developmentRegion = en;
			hasScannedForEncodings = 0;
			knownRegions = (
				en,
				Base,
			);
			mainGroup = E4DB1CE626524A7700894DCB;
			packageReferences = (
				E4F302A12655F71E002C9770 /* XCRemoteSwiftPackageReference "Alamofire" */,
			);
			productRefGroup = E4DB1CF026524A7700894DCB /* Products */;
			projectDirPath = "";
			projectRoot = "";
			targets = (
				E4DB1CEE26524A7700894DCB /* airbnb */,
			);
		};
/* End PBXProject section */

/* Begin PBXResourcesBuildPhase section */
		E4DB1CED26524A7700894DCB /* Resources */ = {
			isa = PBXResourcesBuildPhase;
			buildActionMask = 2147483647;
			files = (
				E4DB1CFF26524A7900894DCB /* LaunchScreen.storyboard in Resources */,
				E4DB1CFC26524A7900894DCB /* Assets.xcassets in Resources */,
				E4DB1CFA26524A7700894DCB /* Main.storyboard in Resources */,
				E4DB1D7A26538BA800894DCB /* AccomodationConditions.storyboard in Resources */,
			);
			runOnlyForDeploymentPostprocessing = 0;
		};
/* End PBXResourcesBuildPhase section */

/* Begin PBXSourcesBuildPhase section */
		E4DB1CEB26524A7700894DCB /* Sources */ = {
			isa = PBXSourcesBuildPhase;
			buildActionMask = 2147483647;
			files = (
				E4DB1CF726524A7700894DCB /* MainViewController.swift in Sources */,
				E4F302DB26567345002C9770 /* SearchResultConfigurable.swift in Sources */,
				E4F302C4265642BA002C9770 /* SearchResultViewModel.swift in Sources */,
				E4DB1D7E2653916900894DCB /* PopularLocationTableViewCell.swift in Sources */,
				E4DB1D7C2653912F00894DCB /* PopularLocationViewController.swift in Sources */,
				E4F302BA26560CC7002C9770 /* LocationSearchResultUpdating.swift in Sources */,
				E4F302A72655F84B002C9770 /* AlamofireNetworkManager.swift in Sources */,
				E4F302DF26567480002C9770 /* NewSearchCaseConfigurable.swift in Sources */,
				E4F302A52655F837002C9770 /* AlamofireRequestManager.swift in Sources */,
				E4F302D926567335002C9770 /* PopularLocationConfigurable.swift in Sources */,
				E481481626551B930069BE20 /* CalendarViewController.swift in Sources */,
				E4F302B82656059C002C9770 /* PopularLocation.swift in Sources */,
				E4814814265519BF0069BE20 /* StoryboardID.swift in Sources */,
				E4F302B5265604D6002C9770 /* PopularLocationTableViewDataSource.swift in Sources */,
				E4F302D1265652D9002C9770 /* StoryboardFactory.swift in Sources */,
				E4DB1CF326524A7700894DCB /* AppDelegate.swift in Sources */,
				E481480A265495870069BE20 /* LocationSearchBar.swift in Sources */,
				E4DB1CF526524A7700894DCB /* SceneDelegate.swift in Sources */,
				E4F302B3265602ED002C9770 /* PopularLocationViewModel.swift in Sources */,
				E481480E2654993F0069BE20 /* SearchResultTableViewController.swift in Sources */,
				E4F302CD26564FCE002C9770 /* ViewControllerFactory.swift in Sources */,
				E481480C265496930069BE20 /* LocationSearchController.swift in Sources */,
				E4F302DD2656746E002C9770 /* PopularLocationCaseConfigurable.swift in Sources */,
				E4F302C6265642D8002C9770 /* NewSearchUseCase.swift in Sources */,
				E4F302AD2655FD17002C9770 /* AlamofireNetworkManagable.swift in Sources */,
				E4F302C826564431002C9770 /* LocationSearchResult.swift in Sources */,
				E4F302BD26560E2D002C9770 /* PopularLocationUseCase.swift in Sources */,
				E4F302AB2655F970002C9770 /* AlamofireRequestManagable.swift in Sources */,
				E481481026549C980069BE20 /* SearchResultTableViewCell.swift in Sources */,
				E4F302A92655F890002C9770 /* AlamofireImageDownloadManager.swift in Sources */,
				E4F302CF265650C5002C9770 /* Instantiable.swift in Sources */,
			);
			runOnlyForDeploymentPostprocessing = 0;
		};
/* End PBXSourcesBuildPhase section */

/* Begin PBXVariantGroup section */
		E4DB1CF826524A7700894DCB /* Main.storyboard */ = {
			isa = PBXVariantGroup;
			children = (
				E4DB1CF926524A7700894DCB /* Base */,
			);
			name = Main.storyboard;
			sourceTree = "<group>";
		};
		E4DB1CFD26524A7900894DCB /* LaunchScreen.storyboard */ = {
			isa = PBXVariantGroup;
			children = (
				E4DB1CFE26524A7900894DCB /* Base */,
			);
			name = LaunchScreen.storyboard;
			sourceTree = "<group>";
		};
/* End PBXVariantGroup section */

/* Begin XCBuildConfiguration section */
		E4DB1D0126524A7900894DCB /* Debug */ = {
			isa = XCBuildConfiguration;
			buildSettings = {
				ALWAYS_SEARCH_USER_PATHS = NO;
				CLANG_ANALYZER_NONNULL = YES;
				CLANG_ANALYZER_NUMBER_OBJECT_CONVERSION = YES_AGGRESSIVE;
				CLANG_CXX_LANGUAGE_STANDARD = "gnu++14";
				CLANG_CXX_LIBRARY = "libc++";
				CLANG_ENABLE_MODULES = YES;
				CLANG_ENABLE_OBJC_ARC = YES;
				CLANG_ENABLE_OBJC_WEAK = YES;
				CLANG_WARN_BLOCK_CAPTURE_AUTORELEASING = YES;
				CLANG_WARN_BOOL_CONVERSION = YES;
				CLANG_WARN_COMMA = YES;
				CLANG_WARN_CONSTANT_CONVERSION = YES;
				CLANG_WARN_DEPRECATED_OBJC_IMPLEMENTATIONS = YES;
				CLANG_WARN_DIRECT_OBJC_ISA_USAGE = YES_ERROR;
				CLANG_WARN_DOCUMENTATION_COMMENTS = YES;
				CLANG_WARN_EMPTY_BODY = YES;
				CLANG_WARN_ENUM_CONVERSION = YES;
				CLANG_WARN_INFINITE_RECURSION = YES;
				CLANG_WARN_INT_CONVERSION = YES;
				CLANG_WARN_NON_LITERAL_NULL_CONVERSION = YES;
				CLANG_WARN_OBJC_IMPLICIT_RETAIN_SELF = YES;
				CLANG_WARN_OBJC_LITERAL_CONVERSION = YES;
				CLANG_WARN_OBJC_ROOT_CLASS = YES_ERROR;
				CLANG_WARN_QUOTED_INCLUDE_IN_FRAMEWORK_HEADER = YES;
				CLANG_WARN_RANGE_LOOP_ANALYSIS = YES;
				CLANG_WARN_STRICT_PROTOTYPES = YES;
				CLANG_WARN_SUSPICIOUS_MOVE = YES;
				CLANG_WARN_UNGUARDED_AVAILABILITY = YES_AGGRESSIVE;
				CLANG_WARN_UNREACHABLE_CODE = YES;
				CLANG_WARN__DUPLICATE_METHOD_MATCH = YES;
				COPY_PHASE_STRIP = NO;
				DEBUG_INFORMATION_FORMAT = dwarf;
				ENABLE_STRICT_OBJC_MSGSEND = YES;
				ENABLE_TESTABILITY = YES;
				GCC_C_LANGUAGE_STANDARD = gnu11;
				GCC_DYNAMIC_NO_PIC = NO;
				GCC_NO_COMMON_BLOCKS = YES;
				GCC_OPTIMIZATION_LEVEL = 0;
				GCC_PREPROCESSOR_DEFINITIONS = (
					"DEBUG=1",
					"$(inherited)",
				);
				GCC_WARN_64_TO_32_BIT_CONVERSION = YES;
				GCC_WARN_ABOUT_RETURN_TYPE = YES_ERROR;
				GCC_WARN_UNDECLARED_SELECTOR = YES;
				GCC_WARN_UNINITIALIZED_AUTOS = YES_AGGRESSIVE;
				GCC_WARN_UNUSED_FUNCTION = YES;
				GCC_WARN_UNUSED_VARIABLE = YES;
				IPHONEOS_DEPLOYMENT_TARGET = 14.5;
				MTL_ENABLE_DEBUG_INFO = INCLUDE_SOURCE;
				MTL_FAST_MATH = YES;
				ONLY_ACTIVE_ARCH = YES;
				SDKROOT = iphoneos;
				SWIFT_ACTIVE_COMPILATION_CONDITIONS = DEBUG;
				SWIFT_OPTIMIZATION_LEVEL = "-Onone";
			};
			name = Debug;
		};
		E4DB1D0226524A7900894DCB /* Release */ = {
			isa = XCBuildConfiguration;
			buildSettings = {
				ALWAYS_SEARCH_USER_PATHS = NO;
				CLANG_ANALYZER_NONNULL = YES;
				CLANG_ANALYZER_NUMBER_OBJECT_CONVERSION = YES_AGGRESSIVE;
				CLANG_CXX_LANGUAGE_STANDARD = "gnu++14";
				CLANG_CXX_LIBRARY = "libc++";
				CLANG_ENABLE_MODULES = YES;
				CLANG_ENABLE_OBJC_ARC = YES;
				CLANG_ENABLE_OBJC_WEAK = YES;
				CLANG_WARN_BLOCK_CAPTURE_AUTORELEASING = YES;
				CLANG_WARN_BOOL_CONVERSION = YES;
				CLANG_WARN_COMMA = YES;
				CLANG_WARN_CONSTANT_CONVERSION = YES;
				CLANG_WARN_DEPRECATED_OBJC_IMPLEMENTATIONS = YES;
				CLANG_WARN_DIRECT_OBJC_ISA_USAGE = YES_ERROR;
				CLANG_WARN_DOCUMENTATION_COMMENTS = YES;
				CLANG_WARN_EMPTY_BODY = YES;
				CLANG_WARN_ENUM_CONVERSION = YES;
				CLANG_WARN_INFINITE_RECURSION = YES;
				CLANG_WARN_INT_CONVERSION = YES;
				CLANG_WARN_NON_LITERAL_NULL_CONVERSION = YES;
				CLANG_WARN_OBJC_IMPLICIT_RETAIN_SELF = YES;
				CLANG_WARN_OBJC_LITERAL_CONVERSION = YES;
				CLANG_WARN_OBJC_ROOT_CLASS = YES_ERROR;
				CLANG_WARN_QUOTED_INCLUDE_IN_FRAMEWORK_HEADER = YES;
				CLANG_WARN_RANGE_LOOP_ANALYSIS = YES;
				CLANG_WARN_STRICT_PROTOTYPES = YES;
				CLANG_WARN_SUSPICIOUS_MOVE = YES;
				CLANG_WARN_UNGUARDED_AVAILABILITY = YES_AGGRESSIVE;
				CLANG_WARN_UNREACHABLE_CODE = YES;
				CLANG_WARN__DUPLICATE_METHOD_MATCH = YES;
				COPY_PHASE_STRIP = NO;
				DEBUG_INFORMATION_FORMAT = "dwarf-with-dsym";
				ENABLE_NS_ASSERTIONS = NO;
				ENABLE_STRICT_OBJC_MSGSEND = YES;
				GCC_C_LANGUAGE_STANDARD = gnu11;
				GCC_NO_COMMON_BLOCKS = YES;
				GCC_WARN_64_TO_32_BIT_CONVERSION = YES;
				GCC_WARN_ABOUT_RETURN_TYPE = YES_ERROR;
				GCC_WARN_UNDECLARED_SELECTOR = YES;
				GCC_WARN_UNINITIALIZED_AUTOS = YES_AGGRESSIVE;
				GCC_WARN_UNUSED_FUNCTION = YES;
				GCC_WARN_UNUSED_VARIABLE = YES;
				IPHONEOS_DEPLOYMENT_TARGET = 14.5;
				MTL_ENABLE_DEBUG_INFO = NO;
				MTL_FAST_MATH = YES;
				SDKROOT = iphoneos;
				SWIFT_COMPILATION_MODE = wholemodule;
				SWIFT_OPTIMIZATION_LEVEL = "-O";
				VALIDATE_PRODUCT = YES;
			};
			name = Release;
		};
		E4DB1D0426524A7900894DCB /* Debug */ = {
			isa = XCBuildConfiguration;
			buildSettings = {
				ASSETCATALOG_COMPILER_APPICON_NAME = AppIcon;
				ASSETCATALOG_COMPILER_GLOBAL_ACCENT_COLOR_NAME = AccentColor;
				CODE_SIGN_STYLE = Automatic;
				DEVELOPMENT_TEAM = B3PWYBKFUK;
				INFOPLIST_FILE = airbnb/Info.plist;
				LD_RUNPATH_SEARCH_PATHS = (
					"$(inherited)",
					"@executable_path/Frameworks",
				);
				PRODUCT_BUNDLE_IDENTIFIER = eeeesong.airbnb;
				PRODUCT_NAME = "$(TARGET_NAME)";
				SWIFT_VERSION = 5.0;
				TARGETED_DEVICE_FAMILY = "1,2";
			};
			name = Debug;
		};
		E4DB1D0526524A7900894DCB /* Release */ = {
			isa = XCBuildConfiguration;
			buildSettings = {
				ASSETCATALOG_COMPILER_APPICON_NAME = AppIcon;
				ASSETCATALOG_COMPILER_GLOBAL_ACCENT_COLOR_NAME = AccentColor;
				CODE_SIGN_STYLE = Automatic;
				DEVELOPMENT_TEAM = B3PWYBKFUK;
				INFOPLIST_FILE = airbnb/Info.plist;
				LD_RUNPATH_SEARCH_PATHS = (
					"$(inherited)",
					"@executable_path/Frameworks",
				);
				PRODUCT_BUNDLE_IDENTIFIER = eeeesong.airbnb;
				PRODUCT_NAME = "$(TARGET_NAME)";
				SWIFT_VERSION = 5.0;
				TARGETED_DEVICE_FAMILY = "1,2";
			};
			name = Release;
		};
/* End XCBuildConfiguration section */

/* Begin XCConfigurationList section */
		E4DB1CEA26524A7700894DCB /* Build configuration list for PBXProject "airbnb" */ = {
			isa = XCConfigurationList;
			buildConfigurations = (
				E4DB1D0126524A7900894DCB /* Debug */,
				E4DB1D0226524A7900894DCB /* Release */,
			);
			defaultConfigurationIsVisible = 0;
			defaultConfigurationName = Release;
		};
		E4DB1D0326524A7900894DCB /* Build configuration list for PBXNativeTarget "airbnb" */ = {
			isa = XCConfigurationList;
			buildConfigurations = (
				E4DB1D0426524A7900894DCB /* Debug */,
				E4DB1D0526524A7900894DCB /* Release */,
			);
			defaultConfigurationIsVisible = 0;
			defaultConfigurationName = Release;
		};
/* End XCConfigurationList section */

/* Begin XCRemoteSwiftPackageReference section */
		E4F302A12655F71E002C9770 /* XCRemoteSwiftPackageReference "Alamofire" */ = {
			isa = XCRemoteSwiftPackageReference;
			repositoryURL = "https://github.com/Alamofire/Alamofire.git";
			requirement = {
				kind = upToNextMajorVersion;
				minimumVersion = 5.4.3;
			};
		};
/* End XCRemoteSwiftPackageReference section */

/* Begin XCSwiftPackageProductDependency section */
		E4F302A22655F71E002C9770 /* Alamofire */ = {
			isa = XCSwiftPackageProductDependency;
			package = E4F302A12655F71E002C9770 /* XCRemoteSwiftPackageReference "Alamofire" */;
			productName = Alamofire;
		};
/* End XCSwiftPackageProductDependency section */
	};
	rootObject = E4DB1CE726524A7700894DCB /* Project object */;
}
