// !$*UTF8*$!
{
	archiveVersion = 1;
	classes = {
	};
	objectVersion = 52;
	objects = {

/* Begin PBXBuildFile section */
		40B1B2F67E5FE345EDA22A95 /* Pods_swift_airbnb_swift_airbnbUITests.framework in Frameworks */ = {isa = PBXBuildFile; fileRef = A34EE5D4A8B69E382591699A /* Pods_swift_airbnb_swift_airbnbUITests.framework */; };
		56C5628ECA2C645FAE41A84E /* Pods_swift_airbnbTests.framework in Frameworks */ = {isa = PBXBuildFile; fileRef = BE69BE18F10D3A53F7AC9B2B /* Pods_swift_airbnbTests.framework */; };
		AD211C7CBB963DDF2E7CC737 /* Pods_swift_airbnb.framework in Frameworks */ = {isa = PBXBuildFile; fileRef = 486A739E2E6C2D61FFCC07DE /* Pods_swift_airbnb.framework */; };
		BD01444F265BE5910047246C /* CalendarViewController.swift in Sources */ = {isa = PBXBuildFile; fileRef = BD01444E265BE5910047246C /* CalendarViewController.swift */; };
		BD202924265CA1C20078DE4B /* InformationView.swift in Sources */ = {isa = PBXBuildFile; fileRef = BD202923265CA1C20078DE4B /* InformationView.swift */; };
		BD202926265CA1E50078DE4B /* InformationView.xib in Resources */ = {isa = PBXBuildFile; fileRef = BD202925265CA1E50078DE4B /* InformationView.xib */; };
		BD202928265CC4E10078DE4B /* TabBarView.swift in Sources */ = {isa = PBXBuildFile; fileRef = BD202927265CC4E10078DE4B /* TabBarView.swift */; };
		BD20292A265CC4F10078DE4B /* TabBarView.xib in Resources */ = {isa = PBXBuildFile; fileRef = BD202929265CC4F10078DE4B /* TabBarView.xib */; };
		BDCCB7252654FA23006FD4F5 /* SearchViewController.swift in Sources */ = {isa = PBXBuildFile; fileRef = BDCCB7242654FA23006FD4F5 /* SearchViewController.swift */; };
		BDFD8B0426527A04006CA75A /* AppDelegate.swift in Sources */ = {isa = PBXBuildFile; fileRef = BDFD8B0326527A04006CA75A /* AppDelegate.swift */; };
		BDFD8B0626527A04006CA75A /* SceneDelegate.swift in Sources */ = {isa = PBXBuildFile; fileRef = BDFD8B0526527A04006CA75A /* SceneDelegate.swift */; };
		BDFD8B0826527A04006CA75A /* MainViewController.swift in Sources */ = {isa = PBXBuildFile; fileRef = BDFD8B0726527A04006CA75A /* MainViewController.swift */; };
		BDFD8B0B26527A04006CA75A /* Main.storyboard in Resources */ = {isa = PBXBuildFile; fileRef = BDFD8B0926527A04006CA75A /* Main.storyboard */; };
		BDFD8B0D26527A05006CA75A /* Assets.xcassets in Resources */ = {isa = PBXBuildFile; fileRef = BDFD8B0C26527A05006CA75A /* Assets.xcassets */; };
		BDFD8B1026527A05006CA75A /* LaunchScreen.storyboard in Resources */ = {isa = PBXBuildFile; fileRef = BDFD8B0E26527A05006CA75A /* LaunchScreen.storyboard */; };
		BDFD8B1B26527A05006CA75A /* swift_airbnbTests.swift in Sources */ = {isa = PBXBuildFile; fileRef = BDFD8B1A26527A05006CA75A /* swift_airbnbTests.swift */; };
		BDFD8B2626527A05006CA75A /* swift_airbnbUITests.swift in Sources */ = {isa = PBXBuildFile; fileRef = BDFD8B2526527A05006CA75A /* swift_airbnbUITests.swift */; };
		BDFD8B35265280C1006CA75A /* Alamofire in Frameworks */ = {isa = PBXBuildFile; productRef = BDFD8B34265280C1006CA75A /* Alamofire */; };
		BDFD8B3C265285A1006CA75A /* NetworkManager.swift in Sources */ = {isa = PBXBuildFile; fileRef = BDFD8B3B265285A1006CA75A /* NetworkManager.swift */; };
		BDFD8B3E26528779006CA75A /* DTO.swift in Sources */ = {isa = PBXBuildFile; fileRef = BDFD8B3D26528779006CA75A /* DTO.swift */; };
		BDFD8B4226539A8C006CA75A /* TravelCollectionViewCell.swift in Sources */ = {isa = PBXBuildFile; fileRef = BDFD8B4026539A8C006CA75A /* TravelCollectionViewCell.swift */; };
		BDFD8B4326539A8C006CA75A /* TravelCollectionViewCell.xib in Resources */ = {isa = PBXBuildFile; fileRef = BDFD8B4126539A8C006CA75A /* TravelCollectionViewCell.xib */; };
		BDFD8B4A2653AD36006CA75A /* TravelCollectionViewDataSource.swift in Sources */ = {isa = PBXBuildFile; fileRef = BDFD8B492653AD36006CA75A /* TravelCollectionViewDataSource.swift */; };
		BDFD8B4C2653AE1E006CA75A /* RecommendTravelCollectionViewDataSource.swift in Sources */ = {isa = PBXBuildFile; fileRef = BDFD8B4B2653AE1E006CA75A /* RecommendTravelCollectionViewDataSource.swift */; };
		BDFD8B4F2653D01D006CA75A /* RecommendTravelCollectionViewCell.swift in Sources */ = {isa = PBXBuildFile; fileRef = BDFD8B4D2653D01D006CA75A /* RecommendTravelCollectionViewCell.swift */; };
		BDFD8B502653D01D006CA75A /* RecommendTravelCollectionViewCell.xib in Resources */ = {isa = PBXBuildFile; fileRef = BDFD8B4E2653D01D006CA75A /* RecommendTravelCollectionViewCell.xib */; };
/* End PBXBuildFile section */

/* Begin PBXContainerItemProxy section */
		BDFD8B1726527A05006CA75A /* PBXContainerItemProxy */ = {
			isa = PBXContainerItemProxy;
			containerPortal = BDFD8AF826527A04006CA75A /* Project object */;
			proxyType = 1;
			remoteGlobalIDString = BDFD8AFF26527A04006CA75A;
			remoteInfo = "swift-airbnb";
		};
		BDFD8B2226527A05006CA75A /* PBXContainerItemProxy */ = {
			isa = PBXContainerItemProxy;
			containerPortal = BDFD8AF826527A04006CA75A /* Project object */;
			proxyType = 1;
			remoteGlobalIDString = BDFD8AFF26527A04006CA75A;
			remoteInfo = "swift-airbnb";
		};
/* End PBXContainerItemProxy section */

/* Begin PBXFileReference section */
		486A739E2E6C2D61FFCC07DE /* Pods_swift_airbnb.framework */ = {isa = PBXFileReference; explicitFileType = wrapper.framework; includeInIndex = 0; path = Pods_swift_airbnb.framework; sourceTree = BUILT_PRODUCTS_DIR; };
		572D6FD1E70C4EBB1907CE05 /* Pods-swift-airbnb.release.xcconfig */ = {isa = PBXFileReference; includeInIndex = 1; lastKnownFileType = text.xcconfig; name = "Pods-swift-airbnb.release.xcconfig"; path = "Target Support Files/Pods-swift-airbnb/Pods-swift-airbnb.release.xcconfig"; sourceTree = "<group>"; };
		63A2484F320F495C2B3CFFB8 /* Pods-swift-airbnbTests.debug.xcconfig */ = {isa = PBXFileReference; includeInIndex = 1; lastKnownFileType = text.xcconfig; name = "Pods-swift-airbnbTests.debug.xcconfig"; path = "Target Support Files/Pods-swift-airbnbTests/Pods-swift-airbnbTests.debug.xcconfig"; sourceTree = "<group>"; };
		A34EE5D4A8B69E382591699A /* Pods_swift_airbnb_swift_airbnbUITests.framework */ = {isa = PBXFileReference; explicitFileType = wrapper.framework; includeInIndex = 0; path = Pods_swift_airbnb_swift_airbnbUITests.framework; sourceTree = BUILT_PRODUCTS_DIR; };
		AED6BA359BF44FA8A18070B5 /* Pods-swift-airbnbTests.release.xcconfig */ = {isa = PBXFileReference; includeInIndex = 1; lastKnownFileType = text.xcconfig; name = "Pods-swift-airbnbTests.release.xcconfig"; path = "Target Support Files/Pods-swift-airbnbTests/Pods-swift-airbnbTests.release.xcconfig"; sourceTree = "<group>"; };
		BD01444E265BE5910047246C /* CalendarViewController.swift */ = {isa = PBXFileReference; lastKnownFileType = sourcecode.swift; path = CalendarViewController.swift; sourceTree = "<group>"; };
		BD202923265CA1C20078DE4B /* InformationView.swift */ = {isa = PBXFileReference; lastKnownFileType = sourcecode.swift; path = InformationView.swift; sourceTree = "<group>"; };
		BD202925265CA1E50078DE4B /* InformationView.xib */ = {isa = PBXFileReference; lastKnownFileType = file.xib; path = InformationView.xib; sourceTree = "<group>"; };
		BD202927265CC4E10078DE4B /* TabBarView.swift */ = {isa = PBXFileReference; lastKnownFileType = sourcecode.swift; path = TabBarView.swift; sourceTree = "<group>"; };
		BD202929265CC4F10078DE4B /* TabBarView.xib */ = {isa = PBXFileReference; lastKnownFileType = file.xib; path = TabBarView.xib; sourceTree = "<group>"; };
		BDCCB7242654FA23006FD4F5 /* SearchViewController.swift */ = {isa = PBXFileReference; lastKnownFileType = sourcecode.swift; path = SearchViewController.swift; sourceTree = "<group>"; };
		BDFD8B0026527A04006CA75A /* swift-airbnb.app */ = {isa = PBXFileReference; explicitFileType = wrapper.application; includeInIndex = 0; path = "swift-airbnb.app"; sourceTree = BUILT_PRODUCTS_DIR; };
		BDFD8B0326527A04006CA75A /* AppDelegate.swift */ = {isa = PBXFileReference; lastKnownFileType = sourcecode.swift; path = AppDelegate.swift; sourceTree = "<group>"; };
		BDFD8B0526527A04006CA75A /* SceneDelegate.swift */ = {isa = PBXFileReference; lastKnownFileType = sourcecode.swift; path = SceneDelegate.swift; sourceTree = "<group>"; };
		BDFD8B0726527A04006CA75A /* MainViewController.swift */ = {isa = PBXFileReference; lastKnownFileType = sourcecode.swift; path = MainViewController.swift; sourceTree = "<group>"; };
		BDFD8B0A26527A04006CA75A /* Base */ = {isa = PBXFileReference; lastKnownFileType = file.storyboard; name = Base; path = Base.lproj/Main.storyboard; sourceTree = "<group>"; };
		BDFD8B0C26527A05006CA75A /* Assets.xcassets */ = {isa = PBXFileReference; lastKnownFileType = folder.assetcatalog; path = Assets.xcassets; sourceTree = "<group>"; };
		BDFD8B0F26527A05006CA75A /* Base */ = {isa = PBXFileReference; lastKnownFileType = file.storyboard; name = Base; path = Base.lproj/LaunchScreen.storyboard; sourceTree = "<group>"; };
		BDFD8B1126527A05006CA75A /* Info.plist */ = {isa = PBXFileReference; lastKnownFileType = text.plist.xml; path = Info.plist; sourceTree = "<group>"; };
		BDFD8B1626527A05006CA75A /* swift-airbnbTests.xctest */ = {isa = PBXFileReference; explicitFileType = wrapper.cfbundle; includeInIndex = 0; path = "swift-airbnbTests.xctest"; sourceTree = BUILT_PRODUCTS_DIR; };
		BDFD8B1A26527A05006CA75A /* swift_airbnbTests.swift */ = {isa = PBXFileReference; lastKnownFileType = sourcecode.swift; path = swift_airbnbTests.swift; sourceTree = "<group>"; };
		BDFD8B1C26527A05006CA75A /* Info.plist */ = {isa = PBXFileReference; lastKnownFileType = text.plist.xml; path = Info.plist; sourceTree = "<group>"; };
		BDFD8B2126527A05006CA75A /* swift-airbnbUITests.xctest */ = {isa = PBXFileReference; explicitFileType = wrapper.cfbundle; includeInIndex = 0; path = "swift-airbnbUITests.xctest"; sourceTree = BUILT_PRODUCTS_DIR; };
		BDFD8B2526527A05006CA75A /* swift_airbnbUITests.swift */ = {isa = PBXFileReference; lastKnownFileType = sourcecode.swift; path = swift_airbnbUITests.swift; sourceTree = "<group>"; };
		BDFD8B2726527A05006CA75A /* Info.plist */ = {isa = PBXFileReference; lastKnownFileType = text.plist.xml; path = Info.plist; sourceTree = "<group>"; };
		BDFD8B3B265285A1006CA75A /* NetworkManager.swift */ = {isa = PBXFileReference; lastKnownFileType = sourcecode.swift; path = NetworkManager.swift; sourceTree = "<group>"; };
		BDFD8B3D26528779006CA75A /* DTO.swift */ = {isa = PBXFileReference; lastKnownFileType = sourcecode.swift; path = DTO.swift; sourceTree = "<group>"; };
		BDFD8B4026539A8C006CA75A /* TravelCollectionViewCell.swift */ = {isa = PBXFileReference; lastKnownFileType = sourcecode.swift; path = TravelCollectionViewCell.swift; sourceTree = "<group>"; };
		BDFD8B4126539A8C006CA75A /* TravelCollectionViewCell.xib */ = {isa = PBXFileReference; lastKnownFileType = file.xib; path = TravelCollectionViewCell.xib; sourceTree = "<group>"; };
		BDFD8B492653AD36006CA75A /* TravelCollectionViewDataSource.swift */ = {isa = PBXFileReference; lastKnownFileType = sourcecode.swift; path = TravelCollectionViewDataSource.swift; sourceTree = "<group>"; };
		BDFD8B4B2653AE1E006CA75A /* RecommendTravelCollectionViewDataSource.swift */ = {isa = PBXFileReference; lastKnownFileType = sourcecode.swift; path = RecommendTravelCollectionViewDataSource.swift; sourceTree = "<group>"; };
		BDFD8B4D2653D01D006CA75A /* RecommendTravelCollectionViewCell.swift */ = {isa = PBXFileReference; lastKnownFileType = sourcecode.swift; path = RecommendTravelCollectionViewCell.swift; sourceTree = "<group>"; };
		BDFD8B4E2653D01D006CA75A /* RecommendTravelCollectionViewCell.xib */ = {isa = PBXFileReference; lastKnownFileType = file.xib; path = RecommendTravelCollectionViewCell.xib; sourceTree = "<group>"; };
		BE69BE18F10D3A53F7AC9B2B /* Pods_swift_airbnbTests.framework */ = {isa = PBXFileReference; explicitFileType = wrapper.framework; includeInIndex = 0; path = Pods_swift_airbnbTests.framework; sourceTree = BUILT_PRODUCTS_DIR; };
		CB85C97228EE71BB0A574AE9 /* Pods-swift-airbnb-swift-airbnbUITests.release.xcconfig */ = {isa = PBXFileReference; includeInIndex = 1; lastKnownFileType = text.xcconfig; name = "Pods-swift-airbnb-swift-airbnbUITests.release.xcconfig"; path = "Target Support Files/Pods-swift-airbnb-swift-airbnbUITests/Pods-swift-airbnb-swift-airbnbUITests.release.xcconfig"; sourceTree = "<group>"; };
		DC807627489BC28779A165D5 /* Pods-swift-airbnb.debug.xcconfig */ = {isa = PBXFileReference; includeInIndex = 1; lastKnownFileType = text.xcconfig; name = "Pods-swift-airbnb.debug.xcconfig"; path = "Target Support Files/Pods-swift-airbnb/Pods-swift-airbnb.debug.xcconfig"; sourceTree = "<group>"; };
		F0E578145C01EA5CB720D026 /* Pods-swift-airbnb-swift-airbnbUITests.debug.xcconfig */ = {isa = PBXFileReference; includeInIndex = 1; lastKnownFileType = text.xcconfig; name = "Pods-swift-airbnb-swift-airbnbUITests.debug.xcconfig"; path = "Target Support Files/Pods-swift-airbnb-swift-airbnbUITests/Pods-swift-airbnb-swift-airbnbUITests.debug.xcconfig"; sourceTree = "<group>"; };
/* End PBXFileReference section */

/* Begin PBXFrameworksBuildPhase section */
		BDFD8AFD26527A04006CA75A /* Frameworks */ = {
			isa = PBXFrameworksBuildPhase;
			buildActionMask = 2147483647;
			files = (
				BDFD8B35265280C1006CA75A /* Alamofire in Frameworks */,
				AD211C7CBB963DDF2E7CC737 /* Pods_swift_airbnb.framework in Frameworks */,
			);
			runOnlyForDeploymentPostprocessing = 0;
		};
		BDFD8B1326527A05006CA75A /* Frameworks */ = {
			isa = PBXFrameworksBuildPhase;
			buildActionMask = 2147483647;
			files = (
				56C5628ECA2C645FAE41A84E /* Pods_swift_airbnbTests.framework in Frameworks */,
			);
			runOnlyForDeploymentPostprocessing = 0;
		};
		BDFD8B1E26527A05006CA75A /* Frameworks */ = {
			isa = PBXFrameworksBuildPhase;
			buildActionMask = 2147483647;
			files = (
				40B1B2F67E5FE345EDA22A95 /* Pods_swift_airbnb_swift_airbnbUITests.framework in Frameworks */,
			);
			runOnlyForDeploymentPostprocessing = 0;
		};
/* End PBXFrameworksBuildPhase section */

/* Begin PBXGroup section */
		3D0011B7747274F4762D53F4 /* Pods */ = {
			isa = PBXGroup;
			children = (
				DC807627489BC28779A165D5 /* Pods-swift-airbnb.debug.xcconfig */,
				572D6FD1E70C4EBB1907CE05 /* Pods-swift-airbnb.release.xcconfig */,
				F0E578145C01EA5CB720D026 /* Pods-swift-airbnb-swift-airbnbUITests.debug.xcconfig */,
				CB85C97228EE71BB0A574AE9 /* Pods-swift-airbnb-swift-airbnbUITests.release.xcconfig */,
				63A2484F320F495C2B3CFFB8 /* Pods-swift-airbnbTests.debug.xcconfig */,
				AED6BA359BF44FA8A18070B5 /* Pods-swift-airbnbTests.release.xcconfig */,
			);
			path = Pods;
			sourceTree = "<group>";
		};
		BC3FE69DD0A572C20C5C6348 /* Frameworks */ = {
			isa = PBXGroup;
			children = (
				486A739E2E6C2D61FFCC07DE /* Pods_swift_airbnb.framework */,
				A34EE5D4A8B69E382591699A /* Pods_swift_airbnb_swift_airbnbUITests.framework */,
				BE69BE18F10D3A53F7AC9B2B /* Pods_swift_airbnbTests.framework */,
			);
			name = Frameworks;
			sourceTree = "<group>";
		};
		BDCCB7262654FA28006FD4F5 /* ViewController */ = {
			isa = PBXGroup;
			children = (
				BDFD8B0726527A04006CA75A /* MainViewController.swift */,
				BDCCB7242654FA23006FD4F5 /* SearchViewController.swift */,
				BD01444E265BE5910047246C /* CalendarViewController.swift */,
			);
			path = ViewController;
			sourceTree = "<group>";
		};
		BDCCB7272654FA3E006FD4F5 /* AppLifeCycle */ = {
			isa = PBXGroup;
			children = (
				BDFD8B0326527A04006CA75A /* AppDelegate.swift */,
				BDFD8B0526527A04006CA75A /* SceneDelegate.swift */,
			);
			path = AppLifeCycle;
			sourceTree = "<group>";
		};
		BDFD8AF726527A04006CA75A = {
			isa = PBXGroup;
			children = (
				BDFD8B0226527A04006CA75A /* swift-airbnb */,
				BDFD8B1926527A05006CA75A /* swift-airbnbTests */,
				BDFD8B2426527A05006CA75A /* swift-airbnbUITests */,
				BDFD8B0126527A04006CA75A /* Products */,
				3D0011B7747274F4762D53F4 /* Pods */,
				BC3FE69DD0A572C20C5C6348 /* Frameworks */,
			);
			sourceTree = "<group>";
		};
		BDFD8B0126527A04006CA75A /* Products */ = {
			isa = PBXGroup;
			children = (
				BDFD8B0026527A04006CA75A /* swift-airbnb.app */,
				BDFD8B1626527A05006CA75A /* swift-airbnbTests.xctest */,
				BDFD8B2126527A05006CA75A /* swift-airbnbUITests.xctest */,
			);
			name = Products;
			sourceTree = "<group>";
		};
		BDFD8B0226527A04006CA75A /* swift-airbnb */ = {
			isa = PBXGroup;
			children = (
				BDCCB7272654FA3E006FD4F5 /* AppLifeCycle */,
				BDCCB7262654FA28006FD4F5 /* ViewController */,
				BDFD8B442653A1B8006CA75A /* DataSouce */,
				BDFD8B3F265394E4006CA75A /* View */,
				BDFD8B38265284ED006CA75A /* Network */,
				BDFD8B0926527A04006CA75A /* Main.storyboard */,
				BDFD8B0C26527A05006CA75A /* Assets.xcassets */,
				BDFD8B0E26527A05006CA75A /* LaunchScreen.storyboard */,
				BDFD8B1126527A05006CA75A /* Info.plist */,
			);
			path = "swift-airbnb";
			sourceTree = "<group>";
		};
		BDFD8B1926527A05006CA75A /* swift-airbnbTests */ = {
			isa = PBXGroup;
			children = (
				BDFD8B1A26527A05006CA75A /* swift_airbnbTests.swift */,
				BDFD8B1C26527A05006CA75A /* Info.plist */,
			);
			path = "swift-airbnbTests";
			sourceTree = "<group>";
		};
		BDFD8B2426527A05006CA75A /* swift-airbnbUITests */ = {
			isa = PBXGroup;
			children = (
				BDFD8B2526527A05006CA75A /* swift_airbnbUITests.swift */,
				BDFD8B2726527A05006CA75A /* Info.plist */,
			);
			path = "swift-airbnbUITests";
			sourceTree = "<group>";
		};
		BDFD8B38265284ED006CA75A /* Network */ = {
			isa = PBXGroup;
			children = (
				BDFD8B3B265285A1006CA75A /* NetworkManager.swift */,
				BDFD8B39265284F8006CA75A /* DTO */,
			);
			path = Network;
			sourceTree = "<group>";
		};
		BDFD8B39265284F8006CA75A /* DTO */ = {
			isa = PBXGroup;
			children = (
				BDFD8B3D26528779006CA75A /* DTO.swift */,
			);
			path = DTO;
			sourceTree = "<group>";
		};
		BDFD8B3F265394E4006CA75A /* View */ = {
			isa = PBXGroup;
			children = (
				BDFD8B4126539A8C006CA75A /* TravelCollectionViewCell.xib */,
				BDFD8B4026539A8C006CA75A /* TravelCollectionViewCell.swift */,
				BDFD8B4D2653D01D006CA75A /* RecommendTravelCollectionViewCell.swift */,
				BDFD8B4E2653D01D006CA75A /* RecommendTravelCollectionViewCell.xib */,
				BD202923265CA1C20078DE4B /* InformationView.swift */,
				BD202925265CA1E50078DE4B /* InformationView.xib */,
				BD202927265CC4E10078DE4B /* TabBarView.swift */,
				BD202929265CC4F10078DE4B /* TabBarView.xib */,
			);
			path = View;
			sourceTree = "<group>";
		};
		BDFD8B442653A1B8006CA75A /* DataSouce */ = {
			isa = PBXGroup;
			children = (
				BDFD8B492653AD36006CA75A /* TravelCollectionViewDataSource.swift */,
				BDFD8B4B2653AE1E006CA75A /* RecommendTravelCollectionViewDataSource.swift */,
			);
			path = DataSouce;
			sourceTree = "<group>";
		};
/* End PBXGroup section */

/* Begin PBXNativeTarget section */
		BDFD8AFF26527A04006CA75A /* swift-airbnb */ = {
			isa = PBXNativeTarget;
			buildConfigurationList = BDFD8B2A26527A05006CA75A /* Build configuration list for PBXNativeTarget "swift-airbnb" */;
			buildPhases = (
				38D1142AC1E473DAE347279F /* [CP] Check Pods Manifest.lock */,
				BDFD8AFC26527A04006CA75A /* Sources */,
				BDFD8AFD26527A04006CA75A /* Frameworks */,
				BDFD8AFE26527A04006CA75A /* Resources */,
				C55F5DCFD78BFE4BBEA45A7E /* [CP] Embed Pods Frameworks */,
				26A30FA1ABF60C0C7FAB22BB /* [CP] Copy Pods Resources */,
			);
			buildRules = (
			);
			dependencies = (
			);
			name = "swift-airbnb";
			packageProductDependencies = (
				BDFD8B34265280C1006CA75A /* Alamofire */,
			);
			productName = "swift-airbnb";
			productReference = BDFD8B0026527A04006CA75A /* swift-airbnb.app */;
			productType = "com.apple.product-type.application";
		};
		BDFD8B1526527A05006CA75A /* swift-airbnbTests */ = {
			isa = PBXNativeTarget;
			buildConfigurationList = BDFD8B2D26527A05006CA75A /* Build configuration list for PBXNativeTarget "swift-airbnbTests" */;
			buildPhases = (
				0087787D6CBFE116FA3A710A /* [CP] Check Pods Manifest.lock */,
				BDFD8B1226527A05006CA75A /* Sources */,
				BDFD8B1326527A05006CA75A /* Frameworks */,
				BDFD8B1426527A05006CA75A /* Resources */,
			);
			buildRules = (
			);
			dependencies = (
				BDFD8B1826527A05006CA75A /* PBXTargetDependency */,
			);
			name = "swift-airbnbTests";
			productName = "swift-airbnbTests";
			productReference = BDFD8B1626527A05006CA75A /* swift-airbnbTests.xctest */;
			productType = "com.apple.product-type.bundle.unit-test";
		};
		BDFD8B2026527A05006CA75A /* swift-airbnbUITests */ = {
			isa = PBXNativeTarget;
			buildConfigurationList = BDFD8B3026527A05006CA75A /* Build configuration list for PBXNativeTarget "swift-airbnbUITests" */;
			buildPhases = (
				9083B4D5516691FC5B75DC79 /* [CP] Check Pods Manifest.lock */,
				BDFD8B1D26527A05006CA75A /* Sources */,
				BDFD8B1E26527A05006CA75A /* Frameworks */,
				BDFD8B1F26527A05006CA75A /* Resources */,
				842C112C56CEA9913AF7A378 /* [CP] Embed Pods Frameworks */,
				77CBD202C155772CEA7C98CF /* [CP] Copy Pods Resources */,
			);
			buildRules = (
			);
			dependencies = (
				BDFD8B2326527A05006CA75A /* PBXTargetDependency */,
			);
			name = "swift-airbnbUITests";
			productName = "swift-airbnbUITests";
			productReference = BDFD8B2126527A05006CA75A /* swift-airbnbUITests.xctest */;
			productType = "com.apple.product-type.bundle.ui-testing";
		};
/* End PBXNativeTarget section */

/* Begin PBXProject section */
		BDFD8AF826527A04006CA75A /* Project object */ = {
			isa = PBXProject;
			attributes = {
				LastSwiftUpdateCheck = 1250;
				LastUpgradeCheck = 1250;
				TargetAttributes = {
					BDFD8AFF26527A04006CA75A = {
						CreatedOnToolsVersion = 12.5;
					};
					BDFD8B1526527A05006CA75A = {
						CreatedOnToolsVersion = 12.5;
						TestTargetID = BDFD8AFF26527A04006CA75A;
					};
					BDFD8B2026527A05006CA75A = {
						CreatedOnToolsVersion = 12.5;
						TestTargetID = BDFD8AFF26527A04006CA75A;
					};
				};
			};
			buildConfigurationList = BDFD8AFB26527A04006CA75A /* Build configuration list for PBXProject "swift-airbnb" */;
			compatibilityVersion = "Xcode 9.3";
			developmentRegion = en;
			hasScannedForEncodings = 0;
			knownRegions = (
				en,
				Base,
			);
			mainGroup = BDFD8AF726527A04006CA75A;
			packageReferences = (
				BDFD8B33265280C1006CA75A /* XCRemoteSwiftPackageReference "Alamofire" */,
			);
			productRefGroup = BDFD8B0126527A04006CA75A /* Products */;
			projectDirPath = "";
			projectRoot = "";
			targets = (
				BDFD8AFF26527A04006CA75A /* swift-airbnb */,
				BDFD8B1526527A05006CA75A /* swift-airbnbTests */,
				BDFD8B2026527A05006CA75A /* swift-airbnbUITests */,
			);
		};
/* End PBXProject section */

/* Begin PBXResourcesBuildPhase section */
		BDFD8AFE26527A04006CA75A /* Resources */ = {
			isa = PBXResourcesBuildPhase;
			buildActionMask = 2147483647;
			files = (
				BDFD8B1026527A05006CA75A /* LaunchScreen.storyboard in Resources */,
				BDFD8B0D26527A05006CA75A /* Assets.xcassets in Resources */,
				BD202926265CA1E50078DE4B /* InformationView.xib in Resources */,
				BDFD8B4326539A8C006CA75A /* TravelCollectionViewCell.xib in Resources */,
				BDFD8B0B26527A04006CA75A /* Main.storyboard in Resources */,
				BD20292A265CC4F10078DE4B /* TabBarView.xib in Resources */,
				BDFD8B502653D01D006CA75A /* RecommendTravelCollectionViewCell.xib in Resources */,
			);
			runOnlyForDeploymentPostprocessing = 0;
		};
		BDFD8B1426527A05006CA75A /* Resources */ = {
			isa = PBXResourcesBuildPhase;
			buildActionMask = 2147483647;
			files = (
			);
			runOnlyForDeploymentPostprocessing = 0;
		};
		BDFD8B1F26527A05006CA75A /* Resources */ = {
			isa = PBXResourcesBuildPhase;
			buildActionMask = 2147483647;
			files = (
			);
			runOnlyForDeploymentPostprocessing = 0;
		};
/* End PBXResourcesBuildPhase section */

/* Begin PBXShellScriptBuildPhase section */
		0087787D6CBFE116FA3A710A /* [CP] Check Pods Manifest.lock */ = {
			isa = PBXShellScriptBuildPhase;
			buildActionMask = 2147483647;
			files = (
			);
			inputFileListPaths = (
			);
			inputPaths = (
				"${PODS_PODFILE_DIR_PATH}/Podfile.lock",
				"${PODS_ROOT}/Manifest.lock",
			);
			name = "[CP] Check Pods Manifest.lock";
			outputFileListPaths = (
			);
			outputPaths = (
				"$(DERIVED_FILE_DIR)/Pods-swift-airbnbTests-checkManifestLockResult.txt",
			);
			runOnlyForDeploymentPostprocessing = 0;
			shellPath = /bin/sh;
			shellScript = "diff \"${PODS_PODFILE_DIR_PATH}/Podfile.lock\" \"${PODS_ROOT}/Manifest.lock\" > /dev/null\nif [ $? != 0 ] ; then\n    # print error to STDERR\n    echo \"error: The sandbox is not in sync with the Podfile.lock. Run 'pod install' or update your CocoaPods installation.\" >&2\n    exit 1\nfi\n# This output is used by Xcode 'outputs' to avoid re-running this script phase.\necho \"SUCCESS\" > \"${SCRIPT_OUTPUT_FILE_0}\"\n";
			showEnvVarsInLog = 0;
		};
		26A30FA1ABF60C0C7FAB22BB /* [CP] Copy Pods Resources */ = {
			isa = PBXShellScriptBuildPhase;
			buildActionMask = 2147483647;
			files = (
			);
			inputFileListPaths = (
				"${PODS_ROOT}/Target Support Files/Pods-swift-airbnb/Pods-swift-airbnb-resources-${CONFIGURATION}-input-files.xcfilelist",
			);
			name = "[CP] Copy Pods Resources";
			outputFileListPaths = (
				"${PODS_ROOT}/Target Support Files/Pods-swift-airbnb/Pods-swift-airbnb-resources-${CONFIGURATION}-output-files.xcfilelist",
			);
			runOnlyForDeploymentPostprocessing = 0;
			shellPath = /bin/sh;
			shellScript = "\"${PODS_ROOT}/Target Support Files/Pods-swift-airbnb/Pods-swift-airbnb-resources.sh\"\n";
			showEnvVarsInLog = 0;
		};
		38D1142AC1E473DAE347279F /* [CP] Check Pods Manifest.lock */ = {
			isa = PBXShellScriptBuildPhase;
			buildActionMask = 2147483647;
			files = (
			);
			inputFileListPaths = (
			);
			inputPaths = (
				"${PODS_PODFILE_DIR_PATH}/Podfile.lock",
				"${PODS_ROOT}/Manifest.lock",
			);
			name = "[CP] Check Pods Manifest.lock";
			outputFileListPaths = (
			);
			outputPaths = (
				"$(DERIVED_FILE_DIR)/Pods-swift-airbnb-checkManifestLockResult.txt",
			);
			runOnlyForDeploymentPostprocessing = 0;
			shellPath = /bin/sh;
			shellScript = "diff \"${PODS_PODFILE_DIR_PATH}/Podfile.lock\" \"${PODS_ROOT}/Manifest.lock\" > /dev/null\nif [ $? != 0 ] ; then\n    # print error to STDERR\n    echo \"error: The sandbox is not in sync with the Podfile.lock. Run 'pod install' or update your CocoaPods installation.\" >&2\n    exit 1\nfi\n# This output is used by Xcode 'outputs' to avoid re-running this script phase.\necho \"SUCCESS\" > \"${SCRIPT_OUTPUT_FILE_0}\"\n";
			showEnvVarsInLog = 0;
		};
		77CBD202C155772CEA7C98CF /* [CP] Copy Pods Resources */ = {
			isa = PBXShellScriptBuildPhase;
			buildActionMask = 2147483647;
			files = (
			);
			inputFileListPaths = (
				"${PODS_ROOT}/Target Support Files/Pods-swift-airbnb-swift-airbnbUITests/Pods-swift-airbnb-swift-airbnbUITests-resources-${CONFIGURATION}-input-files.xcfilelist",
			);
			name = "[CP] Copy Pods Resources";
			outputFileListPaths = (
				"${PODS_ROOT}/Target Support Files/Pods-swift-airbnb-swift-airbnbUITests/Pods-swift-airbnb-swift-airbnbUITests-resources-${CONFIGURATION}-output-files.xcfilelist",
			);
			runOnlyForDeploymentPostprocessing = 0;
			shellPath = /bin/sh;
			shellScript = "\"${PODS_ROOT}/Target Support Files/Pods-swift-airbnb-swift-airbnbUITests/Pods-swift-airbnb-swift-airbnbUITests-resources.sh\"\n";
			showEnvVarsInLog = 0;
		};
		842C112C56CEA9913AF7A378 /* [CP] Embed Pods Frameworks */ = {
			isa = PBXShellScriptBuildPhase;
			buildActionMask = 2147483647;
			files = (
			);
			inputFileListPaths = (
				"${PODS_ROOT}/Target Support Files/Pods-swift-airbnb-swift-airbnbUITests/Pods-swift-airbnb-swift-airbnbUITests-frameworks-${CONFIGURATION}-input-files.xcfilelist",
			);
			name = "[CP] Embed Pods Frameworks";
			outputFileListPaths = (
				"${PODS_ROOT}/Target Support Files/Pods-swift-airbnb-swift-airbnbUITests/Pods-swift-airbnb-swift-airbnbUITests-frameworks-${CONFIGURATION}-output-files.xcfilelist",
			);
			runOnlyForDeploymentPostprocessing = 0;
			shellPath = /bin/sh;
			shellScript = "\"${PODS_ROOT}/Target Support Files/Pods-swift-airbnb-swift-airbnbUITests/Pods-swift-airbnb-swift-airbnbUITests-frameworks.sh\"\n";
			showEnvVarsInLog = 0;
		};
		9083B4D5516691FC5B75DC79 /* [CP] Check Pods Manifest.lock */ = {
			isa = PBXShellScriptBuildPhase;
			buildActionMask = 2147483647;
			files = (
			);
			inputFileListPaths = (
			);
			inputPaths = (
				"${PODS_PODFILE_DIR_PATH}/Podfile.lock",
				"${PODS_ROOT}/Manifest.lock",
			);
			name = "[CP] Check Pods Manifest.lock";
			outputFileListPaths = (
			);
			outputPaths = (
				"$(DERIVED_FILE_DIR)/Pods-swift-airbnb-swift-airbnbUITests-checkManifestLockResult.txt",
			);
			runOnlyForDeploymentPostprocessing = 0;
			shellPath = /bin/sh;
			shellScript = "diff \"${PODS_PODFILE_DIR_PATH}/Podfile.lock\" \"${PODS_ROOT}/Manifest.lock\" > /dev/null\nif [ $? != 0 ] ; then\n    # print error to STDERR\n    echo \"error: The sandbox is not in sync with the Podfile.lock. Run 'pod install' or update your CocoaPods installation.\" >&2\n    exit 1\nfi\n# This output is used by Xcode 'outputs' to avoid re-running this script phase.\necho \"SUCCESS\" > \"${SCRIPT_OUTPUT_FILE_0}\"\n";
			showEnvVarsInLog = 0;
		};
		C55F5DCFD78BFE4BBEA45A7E /* [CP] Embed Pods Frameworks */ = {
			isa = PBXShellScriptBuildPhase;
			buildActionMask = 2147483647;
			files = (
			);
			inputFileListPaths = (
				"${PODS_ROOT}/Target Support Files/Pods-swift-airbnb/Pods-swift-airbnb-frameworks-${CONFIGURATION}-input-files.xcfilelist",
			);
			name = "[CP] Embed Pods Frameworks";
			outputFileListPaths = (
				"${PODS_ROOT}/Target Support Files/Pods-swift-airbnb/Pods-swift-airbnb-frameworks-${CONFIGURATION}-output-files.xcfilelist",
			);
			runOnlyForDeploymentPostprocessing = 0;
			shellPath = /bin/sh;
			shellScript = "\"${PODS_ROOT}/Target Support Files/Pods-swift-airbnb/Pods-swift-airbnb-frameworks.sh\"\n";
			showEnvVarsInLog = 0;
		};
/* End PBXShellScriptBuildPhase section */

/* Begin PBXSourcesBuildPhase section */
		BDFD8AFC26527A04006CA75A /* Sources */ = {
			isa = PBXSourcesBuildPhase;
			buildActionMask = 2147483647;
			files = (
				BDCCB7252654FA23006FD4F5 /* SearchViewController.swift in Sources */,
				BDFD8B4226539A8C006CA75A /* TravelCollectionViewCell.swift in Sources */,
				BDFD8B0826527A04006CA75A /* MainViewController.swift in Sources */,
				BDFD8B0426527A04006CA75A /* AppDelegate.swift in Sources */,
				BDFD8B3C265285A1006CA75A /* NetworkManager.swift in Sources */,
				BDFD8B0626527A04006CA75A /* SceneDelegate.swift in Sources */,
				BD202924265CA1C20078DE4B /* InformationView.swift in Sources */,
				BDFD8B3E26528779006CA75A /* DTO.swift in Sources */,
				BD01444F265BE5910047246C /* CalendarViewController.swift in Sources */,
				BDFD8B4A2653AD36006CA75A /* TravelCollectionViewDataSource.swift in Sources */,
				BDFD8B4C2653AE1E006CA75A /* RecommendTravelCollectionViewDataSource.swift in Sources */,
				BD202928265CC4E10078DE4B /* TabBarView.swift in Sources */,
				BDFD8B4F2653D01D006CA75A /* RecommendTravelCollectionViewCell.swift in Sources */,
			);
			runOnlyForDeploymentPostprocessing = 0;
		};
		BDFD8B1226527A05006CA75A /* Sources */ = {
			isa = PBXSourcesBuildPhase;
			buildActionMask = 2147483647;
			files = (
				BDFD8B1B26527A05006CA75A /* swift_airbnbTests.swift in Sources */,
			);
			runOnlyForDeploymentPostprocessing = 0;
		};
		BDFD8B1D26527A05006CA75A /* Sources */ = {
			isa = PBXSourcesBuildPhase;
			buildActionMask = 2147483647;
			files = (
				BDFD8B2626527A05006CA75A /* swift_airbnbUITests.swift in Sources */,
			);
			runOnlyForDeploymentPostprocessing = 0;
		};
/* End PBXSourcesBuildPhase section */

/* Begin PBXTargetDependency section */
		BDFD8B1826527A05006CA75A /* PBXTargetDependency */ = {
			isa = PBXTargetDependency;
			target = BDFD8AFF26527A04006CA75A /* swift-airbnb */;
			targetProxy = BDFD8B1726527A05006CA75A /* PBXContainerItemProxy */;
		};
		BDFD8B2326527A05006CA75A /* PBXTargetDependency */ = {
			isa = PBXTargetDependency;
			target = BDFD8AFF26527A04006CA75A /* swift-airbnb */;
			targetProxy = BDFD8B2226527A05006CA75A /* PBXContainerItemProxy */;
		};
/* End PBXTargetDependency section */

/* Begin PBXVariantGroup section */
		BDFD8B0926527A04006CA75A /* Main.storyboard */ = {
			isa = PBXVariantGroup;
			children = (
				BDFD8B0A26527A04006CA75A /* Base */,
			);
			name = Main.storyboard;
			sourceTree = "<group>";
		};
		BDFD8B0E26527A05006CA75A /* LaunchScreen.storyboard */ = {
			isa = PBXVariantGroup;
			children = (
				BDFD8B0F26527A05006CA75A /* Base */,
			);
			name = LaunchScreen.storyboard;
			sourceTree = "<group>";
		};
/* End PBXVariantGroup section */

/* Begin XCBuildConfiguration section */
		BDFD8B2826527A05006CA75A /* Debug */ = {
			isa = XCBuildConfiguration;
			buildSettings = {
				ALWAYS_SEARCH_USER_PATHS = NO;
				CLANG_ANALYZER_NONNULL = YES;
				CLANG_ANALYZER_NUMBER_OBJECT_CONVERSION = YES_AGGRESSIVE;
				CLANG_CXX_LANGUAGE_STANDARD = "gnu++14";
				CLANG_CXX_LIBRARY = "libc++";
				CLANG_ENABLE_MODULES = YES;
				CLANG_ENABLE_OBJC_ARC = YES;
				CLANG_ENABLE_OBJC_WEAK = YES;
				CLANG_WARN_BLOCK_CAPTURE_AUTORELEASING = YES;
				CLANG_WARN_BOOL_CONVERSION = YES;
				CLANG_WARN_COMMA = YES;
				CLANG_WARN_CONSTANT_CONVERSION = YES;
				CLANG_WARN_DEPRECATED_OBJC_IMPLEMENTATIONS = YES;
				CLANG_WARN_DIRECT_OBJC_ISA_USAGE = YES_ERROR;
				CLANG_WARN_DOCUMENTATION_COMMENTS = YES;
				CLANG_WARN_EMPTY_BODY = YES;
				CLANG_WARN_ENUM_CONVERSION = YES;
				CLANG_WARN_INFINITE_RECURSION = YES;
				CLANG_WARN_INT_CONVERSION = YES;
				CLANG_WARN_NON_LITERAL_NULL_CONVERSION = YES;
				CLANG_WARN_OBJC_IMPLICIT_RETAIN_SELF = YES;
				CLANG_WARN_OBJC_LITERAL_CONVERSION = YES;
				CLANG_WARN_OBJC_ROOT_CLASS = YES_ERROR;
				CLANG_WARN_QUOTED_INCLUDE_IN_FRAMEWORK_HEADER = YES;
				CLANG_WARN_RANGE_LOOP_ANALYSIS = YES;
				CLANG_WARN_STRICT_PROTOTYPES = YES;
				CLANG_WARN_SUSPICIOUS_MOVE = YES;
				CLANG_WARN_UNGUARDED_AVAILABILITY = YES_AGGRESSIVE;
				CLANG_WARN_UNREACHABLE_CODE = YES;
				CLANG_WARN__DUPLICATE_METHOD_MATCH = YES;
				COPY_PHASE_STRIP = NO;
				DEBUG_INFORMATION_FORMAT = dwarf;
				ENABLE_STRICT_OBJC_MSGSEND = YES;
				ENABLE_TESTABILITY = YES;
				GCC_C_LANGUAGE_STANDARD = gnu11;
				GCC_DYNAMIC_NO_PIC = NO;
				GCC_NO_COMMON_BLOCKS = YES;
				GCC_OPTIMIZATION_LEVEL = 0;
				GCC_PREPROCESSOR_DEFINITIONS = (
					"DEBUG=1",
					"$(inherited)",
				);
				GCC_WARN_64_TO_32_BIT_CONVERSION = YES;
				GCC_WARN_ABOUT_RETURN_TYPE = YES_ERROR;
				GCC_WARN_UNDECLARED_SELECTOR = YES;
				GCC_WARN_UNINITIALIZED_AUTOS = YES_AGGRESSIVE;
				GCC_WARN_UNUSED_FUNCTION = YES;
				GCC_WARN_UNUSED_VARIABLE = YES;
				IPHONEOS_DEPLOYMENT_TARGET = 14.5;
				MTL_ENABLE_DEBUG_INFO = INCLUDE_SOURCE;
				MTL_FAST_MATH = YES;
				ONLY_ACTIVE_ARCH = YES;
				SDKROOT = iphoneos;
				SWIFT_ACTIVE_COMPILATION_CONDITIONS = DEBUG;
				SWIFT_OPTIMIZATION_LEVEL = "-Onone";
			};
			name = Debug;
		};
		BDFD8B2926527A05006CA75A /* Release */ = {
			isa = XCBuildConfiguration;
			buildSettings = {
				ALWAYS_SEARCH_USER_PATHS = NO;
				CLANG_ANALYZER_NONNULL = YES;
				CLANG_ANALYZER_NUMBER_OBJECT_CONVERSION = YES_AGGRESSIVE;
				CLANG_CXX_LANGUAGE_STANDARD = "gnu++14";
				CLANG_CXX_LIBRARY = "libc++";
				CLANG_ENABLE_MODULES = YES;
				CLANG_ENABLE_OBJC_ARC = YES;
				CLANG_ENABLE_OBJC_WEAK = YES;
				CLANG_WARN_BLOCK_CAPTURE_AUTORELEASING = YES;
				CLANG_WARN_BOOL_CONVERSION = YES;
				CLANG_WARN_COMMA = YES;
				CLANG_WARN_CONSTANT_CONVERSION = YES;
				CLANG_WARN_DEPRECATED_OBJC_IMPLEMENTATIONS = YES;
				CLANG_WARN_DIRECT_OBJC_ISA_USAGE = YES_ERROR;
				CLANG_WARN_DOCUMENTATION_COMMENTS = YES;
				CLANG_WARN_EMPTY_BODY = YES;
				CLANG_WARN_ENUM_CONVERSION = YES;
				CLANG_WARN_INFINITE_RECURSION = YES;
				CLANG_WARN_INT_CONVERSION = YES;
				CLANG_WARN_NON_LITERAL_NULL_CONVERSION = YES;
				CLANG_WARN_OBJC_IMPLICIT_RETAIN_SELF = YES;
				CLANG_WARN_OBJC_LITERAL_CONVERSION = YES;
				CLANG_WARN_OBJC_ROOT_CLASS = YES_ERROR;
				CLANG_WARN_QUOTED_INCLUDE_IN_FRAMEWORK_HEADER = YES;
				CLANG_WARN_RANGE_LOOP_ANALYSIS = YES;
				CLANG_WARN_STRICT_PROTOTYPES = YES;
				CLANG_WARN_SUSPICIOUS_MOVE = YES;
				CLANG_WARN_UNGUARDED_AVAILABILITY = YES_AGGRESSIVE;
				CLANG_WARN_UNREACHABLE_CODE = YES;
				CLANG_WARN__DUPLICATE_METHOD_MATCH = YES;
				COPY_PHASE_STRIP = NO;
				DEBUG_INFORMATION_FORMAT = "dwarf-with-dsym";
				ENABLE_NS_ASSERTIONS = NO;
				ENABLE_STRICT_OBJC_MSGSEND = YES;
				GCC_C_LANGUAGE_STANDARD = gnu11;
				GCC_NO_COMMON_BLOCKS = YES;
				GCC_WARN_64_TO_32_BIT_CONVERSION = YES;
				GCC_WARN_ABOUT_RETURN_TYPE = YES_ERROR;
				GCC_WARN_UNDECLARED_SELECTOR = YES;
				GCC_WARN_UNINITIALIZED_AUTOS = YES_AGGRESSIVE;
				GCC_WARN_UNUSED_FUNCTION = YES;
				GCC_WARN_UNUSED_VARIABLE = YES;
				IPHONEOS_DEPLOYMENT_TARGET = 14.5;
				MTL_ENABLE_DEBUG_INFO = NO;
				MTL_FAST_MATH = YES;
				SDKROOT = iphoneos;
				SWIFT_COMPILATION_MODE = wholemodule;
				SWIFT_OPTIMIZATION_LEVEL = "-O";
				VALIDATE_PRODUCT = YES;
			};
			name = Release;
		};
		BDFD8B2B26527A05006CA75A /* Debug */ = {
			isa = XCBuildConfiguration;
			baseConfigurationReference = DC807627489BC28779A165D5 /* Pods-swift-airbnb.debug.xcconfig */;
			buildSettings = {
				ASSETCATALOG_COMPILER_APPICON_NAME = AppIcon;
				ASSETCATALOG_COMPILER_GLOBAL_ACCENT_COLOR_NAME = AccentColor;
				CODE_SIGN_STYLE = Automatic;
				DEVELOPMENT_TEAM = 8KRV7X8GQ6;
				INFOPLIST_FILE = "swift-airbnb/Info.plist";
				LD_RUNPATH_SEARCH_PATHS = (
					"$(inherited)",
					"@executable_path/Frameworks",
				);
				PRODUCT_BUNDLE_IDENTIFIER = "com.swift-airbnb";
				PRODUCT_NAME = "$(TARGET_NAME)";
				SWIFT_VERSION = 5.0;
				TARGETED_DEVICE_FAMILY = "1,2";
			};
			name = Debug;
		};
		BDFD8B2C26527A05006CA75A /* Release */ = {
			isa = XCBuildConfiguration;
			baseConfigurationReference = 572D6FD1E70C4EBB1907CE05 /* Pods-swift-airbnb.release.xcconfig */;
			buildSettings = {
				ASSETCATALOG_COMPILER_APPICON_NAME = AppIcon;
				ASSETCATALOG_COMPILER_GLOBAL_ACCENT_COLOR_NAME = AccentColor;
				CODE_SIGN_STYLE = Automatic;
				DEVELOPMENT_TEAM = 8KRV7X8GQ6;
				INFOPLIST_FILE = "swift-airbnb/Info.plist";
				LD_RUNPATH_SEARCH_PATHS = (
					"$(inherited)",
					"@executable_path/Frameworks",
				);
				PRODUCT_BUNDLE_IDENTIFIER = "com.swift-airbnb";
				PRODUCT_NAME = "$(TARGET_NAME)";
				SWIFT_VERSION = 5.0;
				TARGETED_DEVICE_FAMILY = "1,2";
			};
			name = Release;
		};
		BDFD8B2E26527A05006CA75A /* Debug */ = {
			isa = XCBuildConfiguration;
			baseConfigurationReference = 63A2484F320F495C2B3CFFB8 /* Pods-swift-airbnbTests.debug.xcconfig */;
			buildSettings = {
				ALWAYS_EMBED_SWIFT_STANDARD_LIBRARIES = YES;
				BUNDLE_LOADER = "$(TEST_HOST)";
				CODE_SIGN_STYLE = Automatic;
				DEVELOPMENT_TEAM = 8KRV7X8GQ6;
				INFOPLIST_FILE = "swift-airbnbTests/Info.plist";
				IPHONEOS_DEPLOYMENT_TARGET = 14.5;
				LD_RUNPATH_SEARCH_PATHS = (
					"$(inherited)",
					"@executable_path/Frameworks",
					"@loader_path/Frameworks",
				);
				PRODUCT_BUNDLE_IDENTIFIER = "com.swift-airbnbTests";
				PRODUCT_NAME = "$(TARGET_NAME)";
				SWIFT_VERSION = 5.0;
				TARGETED_DEVICE_FAMILY = "1,2";
				TEST_HOST = "$(BUILT_PRODUCTS_DIR)/swift-airbnb.app/swift-airbnb";
			};
			name = Debug;
		};
		BDFD8B2F26527A05006CA75A /* Release */ = {
			isa = XCBuildConfiguration;
			baseConfigurationReference = AED6BA359BF44FA8A18070B5 /* Pods-swift-airbnbTests.release.xcconfig */;
			buildSettings = {
				ALWAYS_EMBED_SWIFT_STANDARD_LIBRARIES = YES;
				BUNDLE_LOADER = "$(TEST_HOST)";
				CODE_SIGN_STYLE = Automatic;
				DEVELOPMENT_TEAM = 8KRV7X8GQ6;
				INFOPLIST_FILE = "swift-airbnbTests/Info.plist";
				IPHONEOS_DEPLOYMENT_TARGET = 14.5;
				LD_RUNPATH_SEARCH_PATHS = (
					"$(inherited)",
					"@executable_path/Frameworks",
					"@loader_path/Frameworks",
				);
				PRODUCT_BUNDLE_IDENTIFIER = "com.swift-airbnbTests";
				PRODUCT_NAME = "$(TARGET_NAME)";
				SWIFT_VERSION = 5.0;
				TARGETED_DEVICE_FAMILY = "1,2";
				TEST_HOST = "$(BUILT_PRODUCTS_DIR)/swift-airbnb.app/swift-airbnb";
			};
			name = Release;
		};
		BDFD8B3126527A05006CA75A /* Debug */ = {
			isa = XCBuildConfiguration;
			baseConfigurationReference = F0E578145C01EA5CB720D026 /* Pods-swift-airbnb-swift-airbnbUITests.debug.xcconfig */;
			buildSettings = {
				ALWAYS_EMBED_SWIFT_STANDARD_LIBRARIES = YES;
				CODE_SIGN_STYLE = Automatic;
				DEVELOPMENT_TEAM = 8KRV7X8GQ6;
				INFOPLIST_FILE = "swift-airbnbUITests/Info.plist";
				LD_RUNPATH_SEARCH_PATHS = (
					"$(inherited)",
					"@executable_path/Frameworks",
					"@loader_path/Frameworks",
				);
				PRODUCT_BUNDLE_IDENTIFIER = "com.swift-airbnbUITests";
				PRODUCT_NAME = "$(TARGET_NAME)";
				SWIFT_VERSION = 5.0;
				TARGETED_DEVICE_FAMILY = "1,2";
				TEST_TARGET_NAME = "swift-airbnb";
			};
			name = Debug;
		};
		BDFD8B3226527A05006CA75A /* Release */ = {
			isa = XCBuildConfiguration;
			baseConfigurationReference = CB85C97228EE71BB0A574AE9 /* Pods-swift-airbnb-swift-airbnbUITests.release.xcconfig */;
			buildSettings = {
				ALWAYS_EMBED_SWIFT_STANDARD_LIBRARIES = YES;
				CODE_SIGN_STYLE = Automatic;
				DEVELOPMENT_TEAM = 8KRV7X8GQ6;
				INFOPLIST_FILE = "swift-airbnbUITests/Info.plist";
				LD_RUNPATH_SEARCH_PATHS = (
					"$(inherited)",
					"@executable_path/Frameworks",
					"@loader_path/Frameworks",
				);
				PRODUCT_BUNDLE_IDENTIFIER = "com.swift-airbnbUITests";
				PRODUCT_NAME = "$(TARGET_NAME)";
				SWIFT_VERSION = 5.0;
				TARGETED_DEVICE_FAMILY = "1,2";
				TEST_TARGET_NAME = "swift-airbnb";
			};
			name = Release;
		};
/* End XCBuildConfiguration section */

/* Begin XCConfigurationList section */
		BDFD8AFB26527A04006CA75A /* Build configuration list for PBXProject "swift-airbnb" */ = {
			isa = XCConfigurationList;
			buildConfigurations = (
				BDFD8B2826527A05006CA75A /* Debug */,
				BDFD8B2926527A05006CA75A /* Release */,
			);
			defaultConfigurationIsVisible = 0;
			defaultConfigurationName = Release;
		};
		BDFD8B2A26527A05006CA75A /* Build configuration list for PBXNativeTarget "swift-airbnb" */ = {
			isa = XCConfigurationList;
			buildConfigurations = (
				BDFD8B2B26527A05006CA75A /* Debug */,
				BDFD8B2C26527A05006CA75A /* Release */,
			);
			defaultConfigurationIsVisible = 0;
			defaultConfigurationName = Release;
		};
		BDFD8B2D26527A05006CA75A /* Build configuration list for PBXNativeTarget "swift-airbnbTests" */ = {
			isa = XCConfigurationList;
			buildConfigurations = (
				BDFD8B2E26527A05006CA75A /* Debug */,
				BDFD8B2F26527A05006CA75A /* Release */,
			);
			defaultConfigurationIsVisible = 0;
			defaultConfigurationName = Release;
		};
		BDFD8B3026527A05006CA75A /* Build configuration list for PBXNativeTarget "swift-airbnbUITests" */ = {
			isa = XCConfigurationList;
			buildConfigurations = (
				BDFD8B3126527A05006CA75A /* Debug */,
				BDFD8B3226527A05006CA75A /* Release */,
			);
			defaultConfigurationIsVisible = 0;
			defaultConfigurationName = Release;
		};
/* End XCConfigurationList section */

/* Begin XCRemoteSwiftPackageReference section */
		BDFD8B33265280C1006CA75A /* XCRemoteSwiftPackageReference "Alamofire" */ = {
			isa = XCRemoteSwiftPackageReference;
			repositoryURL = "https://github.com/Alamofire/Alamofire";
			requirement = {
				kind = upToNextMajorVersion;
				minimumVersion = 5.4.3;
			};
		};
/* End XCRemoteSwiftPackageReference section */

/* Begin XCSwiftPackageProductDependency section */
		BDFD8B34265280C1006CA75A /* Alamofire */ = {
			isa = XCSwiftPackageProductDependency;
			package = BDFD8B33265280C1006CA75A /* XCRemoteSwiftPackageReference "Alamofire" */;
			productName = Alamofire;
		};
/* End XCSwiftPackageProductDependency section */
	};
	rootObject = BDFD8AF826527A04006CA75A /* Project object */;
}
