PODS:
  - Alamofire (5.4.3)
  - Hero (1.6.1)
  - lottie-ios (3.2.3)
  - Realm (10.7.6):
    - Realm/Headers (= 10.7.6)
  - Realm/Headers (10.7.6)
  - RealmSwift (10.7.6):
    - Realm (= 10.7.6)

DEPENDENCIES:
  - Alamofire
  - Hero
  - lottie-ios
  - RealmSwift

SPEC REPOS:
  trunk:
    - Alamofire
    - Hero
    - lottie-ios
    - Realm
    - RealmSwift

SPEC CHECKSUMS:
  Alamofire: e447a2774a40c996748296fa2c55112fdbbc42f9
  Hero: 215865ba3ae41dd9bb08cd6c60a645529c6fc94b
  lottie-ios: c058aeafa76daa4cf64d773554bccc8385d0150e
  Realm: ed860452717c8db8f4bf832b6807f7f2ce708839
  RealmSwift: e31c4ddbcc42ac879313d656b86f9ca539f6f4f4

PODFILE CHECKSUM: f17df8111b4299f3affcabea7c8602c0f32b615e

COCOAPODS: 1.10.1
